
Microsoft Visual Studio Solution File, Format Version 12.00
# Visual Studio 15
VisualStudioVersion = 15.0.28307.1062
MinimumVisualStudioVersion = 10.0.40219.1
Project("{FAE04EC0-301F-11D3-BF4B-00C04F79EFBC}") = "GlassStore", "GlassStore\GlassStore.csproj", "{DC00825B-1624-469E-A287-1916DF6BB26C}"
EndProject
Global
	GlobalSection(SolutionConfigurationPlatforms) = preSolution
		Debug|Any CPU = Debug|Any CPU
		Release|Any CPU = Release|Any CPU
	EndGlobalSection
	GlobalSection(ProjectConfigurationPlatforms) = postSolution
		{DC00825B-1624-469E-A287-1916DF6BB26C}.Debug|Any CPU.ActiveCfg = Debug|Any CPU
		{DC00825B-1624-469E-A287-1916DF6BB26C}.Debug|Any CPU.Build.0 = Debug|Any CPU
		{DC00825B-1624-469E-A287-1916DF6BB26C}.Release|Any CPU.ActiveCfg = Release|Any CPU
		{DC00825B-1624-469E-A287-1916DF6BB26C}.Release|Any CPU.Build.0 = Release|Any CPU
	EndGlobalSection
	GlobalSection(SolutionProperties) = preSolution
		HideSolutionNode = FALSE
	EndGlobalSection
	GlobalSection(ExtensibilityGlobals) = postSolution
		SolutionGuid = {ED3190FF-D11E-413F-8108-E5BC5148A543}
	EndGlobalSection
EndGlobal
